
Microsoft Visual Studio Solution File, Format Version 12.00
# Visual Studio Version 17
VisualStudioVersion = 17.8.34511.84
MinimumVisualStudioVersion = 10.0.40219.1
Project("{FAE04EC0-301F-11D3-BF4B-00C04F79EFBC}") = "QRCord_MVC", "QRCord_MVC\QRCord_MVC.csproj", "{FC706D5C-7398-4EE4-8DAC-89B881D49A3A}"
EndProject
Global
	GlobalSection(SolutionConfigurationPlatforms) = preSolution
		Debug|Any CPU = Debug|Any CPU
		Release|Any CPU = Release|Any CPU
	EndGlobalSection
	GlobalSection(ProjectConfigurationPlatforms) = postSolution
		{FC706D5C-7398-4EE4-8DAC-89B881D49A3A}.Debug|Any CPU.ActiveCfg = Debug|Any CPU
		{FC706D5C-7398-4EE4-8DAC-89B881D49A3A}.Debug|Any CPU.Build.0 = Debug|Any CPU
		{FC706D5C-7398-4EE4-8DAC-89B881D49A3A}.Release|Any CPU.ActiveCfg = Release|Any CPU
		{FC706D5C-7398-4EE4-8DAC-89B881D49A3A}.Release|Any CPU.Build.0 = Release|Any CPU
	EndGlobalSection
	GlobalSection(SolutionProperties) = preSolution
		HideSolutionNode = FALSE
	EndGlobalSection
	GlobalSection(ExtensibilityGlobals) = postSolution
		SolutionGuid = {B36742D1-41A2-42FE-8A95-AE1AD51CA5F5}
	EndGlobalSection
EndGlobal
